// !$*UTF8*$!
{
	archiveVersion = 1;
	classes = {
	};
	objectVersion = 46;
	objects = {

/* Begin PBXBuildFile section */
		100C9B1B19DAAA6D00BFB9F8 /* main.m in Sources */ = {isa = PBXBuildFile; fileRef = 100C9B1A19DAAA6D00BFB9F8 /* main.m */; };
		100C9B1E19DAAA6D00BFB9F8 /* AppDelegate.m in Sources */ = {isa = PBXBuildFile; fileRef = 100C9B1D19DAAA6D00BFB9F8 /* AppDelegate.m */; };
		100C9B2119DAAA6D00BFB9F8 /* MasterViewController.m in Sources */ = {isa = PBXBuildFile; fileRef = 100C9B2019DAAA6D00BFB9F8 /* MasterViewController.m */; };
		100C9B2419DAAA6D00BFB9F8 /* DetailViewController.m in Sources */ = {isa = PBXBuildFile; fileRef = 100C9B2319DAAA6D00BFB9F8 /* DetailViewController.m */; };
		100C9B2719DAAA6D00BFB9F8 /* Main.storyboard in Resources */ = {isa = PBXBuildFile; fileRef = 100C9B2519DAAA6D00BFB9F8 /* Main.storyboard */; };
		100C9B2919DAAA6D00BFB9F8 /* Images.xcassets in Resources */ = {isa = PBXBuildFile; fileRef = 100C9B2819DAAA6D00BFB9F8 /* Images.xcassets */; };
		100C9B2C19DAAA6D00BFB9F8 /* LaunchScreen.xib in Resources */ = {isa = PBXBuildFile; fileRef = 100C9B2A19DAAA6D00BFB9F8 /* LaunchScreen.xib */; };
		100C9B3819DAAA6D00BFB9F8 /* SimpleWeatherTests.m in Sources */ = {isa = PBXBuildFile; fileRef = 100C9B3719DAAA6D00BFB9F8 /* SimpleWeatherTests.m */; };
		10788A4219E229A2000C8978 /* WXController.m in Sources */ = {isa = PBXBuildFile; fileRef = 10788A4119E229A2000C8978 /* WXController.m */; };
		10788A5F19E2304C000C8978 /* bg.png in Resources */ = {isa = PBXBuildFile; fileRef = 10788A4419E2304C000C8978 /* bg.png */; };
		10788A6019E2304C000C8978 /* bg@2x.png in Resources */ = {isa = PBXBuildFile; fileRef = 10788A4519E2304C000C8978 /* bg@2x.png */; };
		10788A6119E2304C000C8978 /* weather-broken.png in Resources */ = {isa = PBXBuildFile; fileRef = 10788A4719E2304C000C8978 /* weather-broken.png */; };
		10788A6219E2304C000C8978 /* weather-broken@2x.png in Resources */ = {isa = PBXBuildFile; fileRef = 10788A4819E2304C000C8978 /* weather-broken@2x.png */; };
		10788A6319E2304C000C8978 /* weather-clear.png in Resources */ = {isa = PBXBuildFile; fileRef = 10788A4919E2304C000C8978 /* weather-clear.png */; };
		10788A6419E2304C000C8978 /* weather-clear@2x.png in Resources */ = {isa = PBXBuildFile; fileRef = 10788A4A19E2304C000C8978 /* weather-clear@2x.png */; };
		10788A6519E2304C000C8978 /* weather-few-night.png in Resources */ = {isa = PBXBuildFile; fileRef = 10788A4B19E2304C000C8978 /* weather-few-night.png */; };
		10788A6619E2304C000C8978 /* weather-few-night@2x.png in Resources */ = {isa = PBXBuildFile; fileRef = 10788A4C19E2304C000C8978 /* weather-few-night@2x.png */; };
		10788A6719E2304C000C8978 /* weather-few.png in Resources */ = {isa = PBXBuildFile; fileRef = 10788A4D19E2304C000C8978 /* weather-few.png */; };
		10788A6819E2304C000C8978 /* weather-few@2x.png in Resources */ = {isa = PBXBuildFile; fileRef = 10788A4E19E2304C000C8978 /* weather-few@2x.png */; };
		10788A6919E2304C000C8978 /* weather-mist.png in Resources */ = {isa = PBXBuildFile; fileRef = 10788A4F19E2304C000C8978 /* weather-mist.png */; };
		10788A6A19E2304C000C8978 /* weather-mist@2x.png in Resources */ = {isa = PBXBuildFile; fileRef = 10788A5019E2304C000C8978 /* weather-mist@2x.png */; };
		10788A6B19E2304C000C8978 /* weather-moon.png in Resources */ = {isa = PBXBuildFile; fileRef = 10788A5119E2304C000C8978 /* weather-moon.png */; };
		10788A6C19E2304C000C8978 /* weather-moon@2x.png in Resources */ = {isa = PBXBuildFile; fileRef = 10788A5219E2304C000C8978 /* weather-moon@2x.png */; };
		10788A6D19E2304C000C8978 /* weather-rain-night.png in Resources */ = {isa = PBXBuildFile; fileRef = 10788A5319E2304C000C8978 /* weather-rain-night.png */; };
		10788A6E19E2304C000C8978 /* weather-rain-night@2x.png in Resources */ = {isa = PBXBuildFile; fileRef = 10788A5419E2304C000C8978 /* weather-rain-night@2x.png */; };
		10788A6F19E2304C000C8978 /* weather-rain.png in Resources */ = {isa = PBXBuildFile; fileRef = 10788A5519E2304C000C8978 /* weather-rain.png */; };
		10788A7019E2304C000C8978 /* weather-rain@2x.png in Resources */ = {isa = PBXBuildFile; fileRef = 10788A5619E2304C000C8978 /* weather-rain@2x.png */; };
		10788A7119E2304C000C8978 /* weather-scattered.png in Resources */ = {isa = PBXBuildFile; fileRef = 10788A5719E2304C000C8978 /* weather-scattered.png */; };
		10788A7219E2304C000C8978 /* weather-scattered@2x.png in Resources */ = {isa = PBXBuildFile; fileRef = 10788A5819E2304C000C8978 /* weather-scattered@2x.png */; };
		10788A7319E2304C000C8978 /* weather-shower.png in Resources */ = {isa = PBXBuildFile; fileRef = 10788A5919E2304C000C8978 /* weather-shower.png */; };
		10788A7419E2304C000C8978 /* weather-shower@2x.png in Resources */ = {isa = PBXBuildFile; fileRef = 10788A5A19E2304C000C8978 /* weather-shower@2x.png */; };
		10788A7519E2304C000C8978 /* weather-snow.png in Resources */ = {isa = PBXBuildFile; fileRef = 10788A5B19E2304C000C8978 /* weather-snow.png */; };
		10788A7619E2304C000C8978 /* weather-snow@2x.png in Resources */ = {isa = PBXBuildFile; fileRef = 10788A5C19E2304C000C8978 /* weather-snow@2x.png */; };
		10788A7719E2304C000C8978 /* weather-tstorm.png in Resources */ = {isa = PBXBuildFile; fileRef = 10788A5D19E2304C000C8978 /* weather-tstorm.png */; };
		10788A7819E2304C000C8978 /* weather-tstorm@2x.png in Resources */ = {isa = PBXBuildFile; fileRef = 10788A5E19E2304C000C8978 /* weather-tstorm@2x.png */; };
		10788A8019E23EB4000C8978 /* WXManager.m in Sources */ = {isa = PBXBuildFile; fileRef = 10788A7F19E23EB4000C8978 /* WXManager.m */; };
		10788A8319E243A5000C8978 /* WXCondition.m in Sources */ = {isa = PBXBuildFile; fileRef = 10788A8219E243A5000C8978 /* WXCondition.m */; };
		10788A8619E243CE000C8978 /* WXDailyForecast.m in Sources */ = {isa = PBXBuildFile; fileRef = 10788A8519E243CE000C8978 /* WXDailyForecast.m */; };
		10788A8C19E28876000C8978 /* WXClient.m in Sources */ = {isa = PBXBuildFile; fileRef = 10788A8B19E28876000C8978 /* WXClient.m */; };
		A4196E7C5061B66CBAE5A083 /* libPods.a in Frameworks */ = {isa = PBXBuildFile; fileRef = B907FA57C449B539A0BC698E /* libPods.a */; };
/* End PBXBuildFile section */

/* Begin PBXContainerItemProxy section */
		100C9B3219DAAA6D00BFB9F8 /* PBXContainerItemProxy */ = {
			isa = PBXContainerItemProxy;
			containerPortal = 100C9B0D19DAAA6D00BFB9F8 /* Project object */;
			proxyType = 1;
			remoteGlobalIDString = 100C9B1419DAAA6D00BFB9F8;
			remoteInfo = SimpleWeather;
		};
/* End PBXContainerItemProxy section */

/* Begin PBXFileReference section */
		100C9B1519DAAA6D00BFB9F8 /* SimpleWeather.app */ = {isa = PBXFileReference; explicitFileType = wrapper.application; includeInIndex = 0; path = SimpleWeather.app; sourceTree = BUILT_PRODUCTS_DIR; };
		100C9B1919DAAA6D00BFB9F8 /* Info.plist */ = {isa = PBXFileReference; lastKnownFileType = text.plist.xml; path = Info.plist; sourceTree = "<group>"; };
		100C9B1A19DAAA6D00BFB9F8 /* main.m */ = {isa = PBXFileReference; lastKnownFileType = sourcecode.c.objc; path = main.m; sourceTree = "<group>"; };
		100C9B1C19DAAA6D00BFB9F8 /* AppDelegate.h */ = {isa = PBXFileReference; lastKnownFileType = sourcecode.c.h; path = AppDelegate.h; sourceTree = "<group>"; };
		100C9B1D19DAAA6D00BFB9F8 /* AppDelegate.m */ = {isa = PBXFileReference; lastKnownFileType = sourcecode.c.objc; path = AppDelegate.m; sourceTree = "<group>"; };
		100C9B1F19DAAA6D00BFB9F8 /* MasterViewController.h */ = {isa = PBXFileReference; lastKnownFileType = sourcecode.c.h; path = MasterViewController.h; sourceTree = "<group>"; };
		100C9B2019DAAA6D00BFB9F8 /* MasterViewController.m */ = {isa = PBXFileReference; lastKnownFileType = sourcecode.c.objc; path = MasterViewController.m; sourceTree = "<group>"; };
		100C9B2219DAAA6D00BFB9F8 /* DetailViewController.h */ = {isa = PBXFileReference; lastKnownFileType = sourcecode.c.h; path = DetailViewController.h; sourceTree = "<group>"; };
		100C9B2319DAAA6D00BFB9F8 /* DetailViewController.m */ = {isa = PBXFileReference; lastKnownFileType = sourcecode.c.objc; path = DetailViewController.m; sourceTree = "<group>"; };
		100C9B2619DAAA6D00BFB9F8 /* Base */ = {isa = PBXFileReference; lastKnownFileType = file.storyboard; name = Base; path = Base.lproj/Main.storyboard; sourceTree = "<group>"; };
		100C9B2819DAAA6D00BFB9F8 /* Images.xcassets */ = {isa = PBXFileReference; lastKnownFileType = folder.assetcatalog; path = Images.xcassets; sourceTree = "<group>"; };
		100C9B2B19DAAA6D00BFB9F8 /* Base */ = {isa = PBXFileReference; lastKnownFileType = file.xib; name = Base; path = Base.lproj/LaunchScreen.xib; sourceTree = "<group>"; };
		100C9B3119DAAA6D00BFB9F8 /* SimpleWeatherTests.xctest */ = {isa = PBXFileReference; explicitFileType = wrapper.cfbundle; includeInIndex = 0; path = SimpleWeatherTests.xctest; sourceTree = BUILT_PRODUCTS_DIR; };
		100C9B3619DAAA6D00BFB9F8 /* Info.plist */ = {isa = PBXFileReference; lastKnownFileType = text.plist.xml; path = Info.plist; sourceTree = "<group>"; };
		100C9B3719DAAA6D00BFB9F8 /* SimpleWeatherTests.m */ = {isa = PBXFileReference; lastKnownFileType = sourcecode.c.objc; path = SimpleWeatherTests.m; sourceTree = "<group>"; };
		10788A4019E229A2000C8978 /* WXController.h */ = {isa = PBXFileReference; fileEncoding = 4; lastKnownFileType = sourcecode.c.h; path = WXController.h; sourceTree = "<group>"; };
		10788A4119E229A2000C8978 /* WXController.m */ = {isa = PBXFileReference; fileEncoding = 4; lastKnownFileType = sourcecode.c.objc; path = WXController.m; sourceTree = "<group>"; };
		10788A4419E2304C000C8978 /* bg.png */ = {isa = PBXFileReference; lastKnownFileType = image.png; path = bg.png; sourceTree = "<group>"; };
		10788A4519E2304C000C8978 /* bg@2x.png */ = {isa = PBXFileReference; lastKnownFileType = image.png; path = "bg@2x.png"; sourceTree = "<group>"; };
		10788A4719E2304C000C8978 /* weather-broken.png */ = {isa = PBXFileReference; lastKnownFileType = image.png; path = "weather-broken.png"; sourceTree = "<group>"; };
		10788A4819E2304C000C8978 /* weather-broken@2x.png */ = {isa = PBXFileReference; lastKnownFileType = image.png; path = "weather-broken@2x.png"; sourceTree = "<group>"; };
		10788A4919E2304C000C8978 /* weather-clear.png */ = {isa = PBXFileReference; lastKnownFileType = image.png; path = "weather-clear.png"; sourceTree = "<group>"; };
		10788A4A19E2304C000C8978 /* weather-clear@2x.png */ = {isa = PBXFileReference; lastKnownFileType = image.png; path = "weather-clear@2x.png"; sourceTree = "<group>"; };
		10788A4B19E2304C000C8978 /* weather-few-night.png */ = {isa = PBXFileReference; lastKnownFileType = image.png; path = "weather-few-night.png"; sourceTree = "<group>"; };
		10788A4C19E2304C000C8978 /* weather-few-night@2x.png */ = {isa = PBXFileReference; lastKnownFileType = image.png; path = "weather-few-night@2x.png"; sourceTree = "<group>"; };
		10788A4D19E2304C000C8978 /* weather-few.png */ = {isa = PBXFileReference; lastKnownFileType = image.png; path = "weather-few.png"; sourceTree = "<group>"; };
		10788A4E19E2304C000C8978 /* weather-few@2x.png */ = {isa = PBXFileReference; lastKnownFileType = image.png; path = "weather-few@2x.png"; sourceTree = "<group>"; };
		10788A4F19E2304C000C8978 /* weather-mist.png */ = {isa = PBXFileReference; lastKnownFileType = image.png; path = "weather-mist.png"; sourceTree = "<group>"; };
		10788A5019E2304C000C8978 /* weather-mist@2x.png */ = {isa = PBXFileReference; lastKnownFileType = image.png; path = "weather-mist@2x.png"; sourceTree = "<group>"; };
		10788A5119E2304C000C8978 /* weather-moon.png */ = {isa = PBXFileReference; lastKnownFileType = image.png; path = "weather-moon.png"; sourceTree = "<group>"; };
		10788A5219E2304C000C8978 /* weather-moon@2x.png */ = {isa = PBXFileReference; lastKnownFileType = image.png; path = "weather-moon@2x.png"; sourceTree = "<group>"; };
		10788A5319E2304C000C8978 /* weather-rain-night.png */ = {isa = PBXFileReference; lastKnownFileType = image.png; path = "weather-rain-night.png"; sourceTree = "<group>"; };
		10788A5419E2304C000C8978 /* weather-rain-night@2x.png */ = {isa = PBXFileReference; lastKnownFileType = image.png; path = "weather-rain-night@2x.png"; sourceTree = "<group>"; };
		10788A5519E2304C000C8978 /* weather-rain.png */ = {isa = PBXFileReference; lastKnownFileType = image.png; path = "weather-rain.png"; sourceTree = "<group>"; };
		10788A5619E2304C000C8978 /* weather-rain@2x.png */ = {isa = PBXFileReference; lastKnownFileType = image.png; path = "weather-rain@2x.png"; sourceTree = "<group>"; };
		10788A5719E2304C000C8978 /* weather-scattered.png */ = {isa = PBXFileReference; lastKnownFileType = image.png; path = "weather-scattered.png"; sourceTree = "<group>"; };
		10788A5819E2304C000C8978 /* weather-scattered@2x.png */ = {isa = PBXFileReference; lastKnownFileType = image.png; path = "weather-scattered@2x.png"; sourceTree = "<group>"; };
		10788A5919E2304C000C8978 /* weather-shower.png */ = {isa = PBXFileReference; lastKnownFileType = image.png; path = "weather-shower.png"; sourceTree = "<group>"; };
		10788A5A19E2304C000C8978 /* weather-shower@2x.png */ = {isa = PBXFileReference; lastKnownFileType = image.png; path = "weather-shower@2x.png"; sourceTree = "<group>"; };
		10788A5B19E2304C000C8978 /* weather-snow.png */ = {isa = PBXFileReference; lastKnownFileType = image.png; path = "weather-snow.png"; sourceTree = "<group>"; };
		10788A5C19E2304C000C8978 /* weather-snow@2x.png */ = {isa = PBXFileReference; lastKnownFileType = image.png; path = "weather-snow@2x.png"; sourceTree = "<group>"; };
		10788A5D19E2304C000C8978 /* weather-tstorm.png */ = {isa = PBXFileReference; lastKnownFileType = image.png; path = "weather-tstorm.png"; sourceTree = "<group>"; };
		10788A5E19E2304C000C8978 /* weather-tstorm@2x.png */ = {isa = PBXFileReference; lastKnownFileType = image.png; path = "weather-tstorm@2x.png"; sourceTree = "<group>"; };
		10788A7E19E23EB4000C8978 /* WXManager.h */ = {isa = PBXFileReference; fileEncoding = 4; lastKnownFileType = sourcecode.c.h; path = WXManager.h; sourceTree = "<group>"; };
		10788A7F19E23EB4000C8978 /* WXManager.m */ = {isa = PBXFileReference; fileEncoding = 4; lastKnownFileType = sourcecode.c.objc; path = WXManager.m; sourceTree = "<group>"; };
		10788A8119E243A5000C8978 /* WXCondition.h */ = {isa = PBXFileReference; fileEncoding = 4; lastKnownFileType = sourcecode.c.h; path = WXCondition.h; sourceTree = "<group>"; };
		10788A8219E243A5000C8978 /* WXCondition.m */ = {isa = PBXFileReference; fileEncoding = 4; lastKnownFileType = sourcecode.c.objc; path = WXCondition.m; sourceTree = "<group>"; };
		10788A8419E243CE000C8978 /* WXDailyForecast.h */ = {isa = PBXFileReference; fileEncoding = 4; lastKnownFileType = sourcecode.c.h; path = WXDailyForecast.h; sourceTree = "<group>"; };
		10788A8519E243CE000C8978 /* WXDailyForecast.m */ = {isa = PBXFileReference; fileEncoding = 4; lastKnownFileType = sourcecode.c.objc; path = WXDailyForecast.m; sourceTree = "<group>"; };
		10788A8A19E28876000C8978 /* WXClient.h */ = {isa = PBXFileReference; fileEncoding = 4; lastKnownFileType = sourcecode.c.h; path = WXClient.h; sourceTree = "<group>"; };
		10788A8B19E28876000C8978 /* WXClient.m */ = {isa = PBXFileReference; fileEncoding = 4; lastKnownFileType = sourcecode.c.objc; path = WXClient.m; sourceTree = "<group>"; };
		A356DC7F6F4E2EA4F77726A3 /* Pods.debug.xcconfig */ = {isa = PBXFileReference; includeInIndex = 1; lastKnownFileType = text.xcconfig; name = Pods.debug.xcconfig; path = "Pods/Target Support Files/Pods/Pods.debug.xcconfig"; sourceTree = "<group>"; };
		B907FA57C449B539A0BC698E /* libPods.a */ = {isa = PBXFileReference; explicitFileType = archive.ar; includeInIndex = 0; path = libPods.a; sourceTree = BUILT_PRODUCTS_DIR; };
		EB969BBF70D3AEA2CACA98B2 /* Pods.release.xcconfig */ = {isa = PBXFileReference; includeInIndex = 1; lastKnownFileType = text.xcconfig; name = Pods.release.xcconfig; path = "Pods/Target Support Files/Pods/Pods.release.xcconfig"; sourceTree = "<group>"; };
/* End PBXFileReference section */

/* Begin PBXFrameworksBuildPhase section */
		100C9B1219DAAA6D00BFB9F8 /* Frameworks */ = {
			isa = PBXFrameworksBuildPhase;
			buildActionMask = 2147483647;
			files = (
				A4196E7C5061B66CBAE5A083 /* libPods.a in Frameworks */,
			);
			runOnlyForDeploymentPostprocessing = 0;
		};
		100C9B2E19DAAA6D00BFB9F8 /* Frameworks */ = {
			isa = PBXFrameworksBuildPhase;
			buildActionMask = 2147483647;
			files = (
			);
			runOnlyForDeploymentPostprocessing = 0;
		};
/* End PBXFrameworksBuildPhase section */

/* Begin PBXGroup section */
		100C9B0C19DAAA6D00BFB9F8 = {
			isa = PBXGroup;
			children = (
				10788A8A19E28876000C8978 /* WXClient.h */,
				10788A8B19E28876000C8978 /* WXClient.m */,
				10788A8419E243CE000C8978 /* WXDailyForecast.h */,
				10788A8519E243CE000C8978 /* WXDailyForecast.m */,
				10788A8119E243A5000C8978 /* WXCondition.h */,
				10788A8219E243A5000C8978 /* WXCondition.m */,
				10788A7E19E23EB4000C8978 /* WXManager.h */,
				10788A7F19E23EB4000C8978 /* WXManager.m */,
				10788A4319E2304C000C8978 /* Images */,
				10788A4019E229A2000C8978 /* WXController.h */,
				10788A4119E229A2000C8978 /* WXController.m */,
				100C9B1719DAAA6D00BFB9F8 /* SimpleWeather */,
				100C9B3419DAAA6D00BFB9F8 /* SimpleWeatherTests */,
				100C9B1619DAAA6D00BFB9F8 /* Products */,
				A42A95EB49712A4C845C4CA9 /* Pods */,
				1B24BA9B7595B90223BC30AB /* Frameworks */,
			);
			sourceTree = "<group>";
		};
		100C9B1619DAAA6D00BFB9F8 /* Products */ = {
			isa = PBXGroup;
			children = (
				100C9B1519DAAA6D00BFB9F8 /* SimpleWeather.app */,
				100C9B3119DAAA6D00BFB9F8 /* SimpleWeatherTests.xctest */,
			);
			name = Products;
			sourceTree = "<group>";
		};
		100C9B1719DAAA6D00BFB9F8 /* SimpleWeather */ = {
			isa = PBXGroup;
			children = (
				100C9B1C19DAAA6D00BFB9F8 /* AppDelegate.h */,
				100C9B1D19DAAA6D00BFB9F8 /* AppDelegate.m */,
				100C9B1F19DAAA6D00BFB9F8 /* MasterViewController.h */,
				100C9B2019DAAA6D00BFB9F8 /* MasterViewController.m */,
				100C9B2219DAAA6D00BFB9F8 /* DetailViewController.h */,
				100C9B2319DAAA6D00BFB9F8 /* DetailViewController.m */,
				100C9B2519DAAA6D00BFB9F8 /* Main.storyboard */,
				100C9B2819DAAA6D00BFB9F8 /* Images.xcassets */,
				100C9B2A19DAAA6D00BFB9F8 /* LaunchScreen.xib */,
				100C9B1819DAAA6D00BFB9F8 /* Supporting Files */,
			);
			path = SimpleWeather;
			sourceTree = "<group>";
		};
		100C9B1819DAAA6D00BFB9F8 /* Supporting Files */ = {
			isa = PBXGroup;
			children = (
				100C9B1919DAAA6D00BFB9F8 /* Info.plist */,
				100C9B1A19DAAA6D00BFB9F8 /* main.m */,
			);
			name = "Supporting Files";
			sourceTree = "<group>";
		};
		100C9B3419DAAA6D00BFB9F8 /* SimpleWeatherTests */ = {
			isa = PBXGroup;
			children = (
				100C9B3719DAAA6D00BFB9F8 /* SimpleWeatherTests.m */,
				100C9B3519DAAA6D00BFB9F8 /* Supporting Files */,
			);
			path = SimpleWeatherTests;
			sourceTree = "<group>";
		};
		100C9B3519DAAA6D00BFB9F8 /* Supporting Files */ = {
			isa = PBXGroup;
			children = (
				100C9B3619DAAA6D00BFB9F8 /* Info.plist */,
			);
			name = "Supporting Files";
			sourceTree = "<group>";
		};
		10788A4319E2304C000C8978 /* Images */ = {
			isa = PBXGroup;
			children = (
				10788A4419E2304C000C8978 /* bg.png */,
				10788A4519E2304C000C8978 /* bg@2x.png */,
				10788A4619E2304C000C8978 /* Weather Icons */,
			);
			name = Images;
			path = ../../Downloads/Images;
			sourceTree = "<group>";
		};
		10788A4619E2304C000C8978 /* Weather Icons */ = {
			isa = PBXGroup;
			children = (
				10788A4719E2304C000C8978 /* weather-broken.png */,
				10788A4819E2304C000C8978 /* weather-broken@2x.png */,
				10788A4919E2304C000C8978 /* weather-clear.png */,
				10788A4A19E2304C000C8978 /* weather-clear@2x.png */,
				10788A4B19E2304C000C8978 /* weather-few-night.png */,
				10788A4C19E2304C000C8978 /* weather-few-night@2x.png */,
				10788A4D19E2304C000C8978 /* weather-few.png */,
				10788A4E19E2304C000C8978 /* weather-few@2x.png */,
				10788A4F19E2304C000C8978 /* weather-mist.png */,
				10788A5019E2304C000C8978 /* weather-mist@2x.png */,
				10788A5119E2304C000C8978 /* weather-moon.png */,
				10788A5219E2304C000C8978 /* weather-moon@2x.png */,
				10788A5319E2304C000C8978 /* weather-rain-night.png */,
				10788A5419E2304C000C8978 /* weather-rain-night@2x.png */,
				10788A5519E2304C000C8978 /* weather-rain.png */,
				10788A5619E2304C000C8978 /* weather-rain@2x.png */,
				10788A5719E2304C000C8978 /* weather-scattered.png */,
				10788A5819E2304C000C8978 /* weather-scattered@2x.png */,
				10788A5919E2304C000C8978 /* weather-shower.png */,
				10788A5A19E2304C000C8978 /* weather-shower@2x.png */,
				10788A5B19E2304C000C8978 /* weather-snow.png */,
				10788A5C19E2304C000C8978 /* weather-snow@2x.png */,
				10788A5D19E2304C000C8978 /* weather-tstorm.png */,
				10788A5E19E2304C000C8978 /* weather-tstorm@2x.png */,
			);
			path = "Weather Icons";
			sourceTree = "<group>";
		};
		1B24BA9B7595B90223BC30AB /* Frameworks */ = {
			isa = PBXGroup;
			children = (
				B907FA57C449B539A0BC698E /* libPods.a */,
			);
			name = Frameworks;
			sourceTree = "<group>";
		};
		A42A95EB49712A4C845C4CA9 /* Pods */ = {
			isa = PBXGroup;
			children = (
				A356DC7F6F4E2EA4F77726A3 /* Pods.debug.xcconfig */,
				EB969BBF70D3AEA2CACA98B2 /* Pods.release.xcconfig */,
			);
			name = Pods;
			sourceTree = "<group>";
		};
/* End PBXGroup section */

/* Begin PBXNativeTarget section */
		100C9B1419DAAA6D00BFB9F8 /* SimpleWeather */ = {
			isa = PBXNativeTarget;
			buildConfigurationList = 100C9B3B19DAAA6D00BFB9F8 /* Build configuration list for PBXNativeTarget "SimpleWeather" */;
			buildPhases = (
				DA994C775992FD8244DD75A8 /* Check Pods Manifest.lock */,
				100C9B1119DAAA6D00BFB9F8 /* Sources */,
				100C9B1219DAAA6D00BFB9F8 /* Frameworks */,
				100C9B1319DAAA6D00BFB9F8 /* Resources */,
				A12EBD4581D6EF9B80CC6CA7 /* Copy Pods Resources */,
			);
			buildRules = (
			);
			dependencies = (
			);
			name = SimpleWeather;
			productName = SimpleWeather;
			productReference = 100C9B1519DAAA6D00BFB9F8 /* SimpleWeather.app */;
			productType = "com.apple.product-type.application";
		};
		100C9B3019DAAA6D00BFB9F8 /* SimpleWeatherTests */ = {
			isa = PBXNativeTarget;
			buildConfigurationList = 100C9B3E19DAAA6D00BFB9F8 /* Build configuration list for PBXNativeTarget "SimpleWeatherTests" */;
			buildPhases = (
				100C9B2D19DAAA6D00BFB9F8 /* Sources */,
				100C9B2E19DAAA6D00BFB9F8 /* Frameworks */,
				100C9B2F19DAAA6D00BFB9F8 /* Resources */,
			);
			buildRules = (
			);
			dependencies = (
				100C9B3319DAAA6D00BFB9F8 /* PBXTargetDependency */,
			);
			name = SimpleWeatherTests;
			productName = SimpleWeatherTests;
			productReference = 100C9B3119DAAA6D00BFB9F8 /* SimpleWeatherTests.xctest */;
			productType = "com.apple.product-type.bundle.unit-test";
		};
/* End PBXNativeTarget section */

/* Begin PBXProject section */
		100C9B0D19DAAA6D00BFB9F8 /* Project object */ = {
			isa = PBXProject;
			attributes = {
				LastUpgradeCheck = 0600;
				ORGANIZATIONNAME = qa;
				TargetAttributes = {
					100C9B1419DAAA6D00BFB9F8 = {
						CreatedOnToolsVersion = 6.0.1;
					};
					100C9B3019DAAA6D00BFB9F8 = {
						CreatedOnToolsVersion = 6.0.1;
						TestTargetID = 100C9B1419DAAA6D00BFB9F8;
					};
				};
			};
			buildConfigurationList = 100C9B1019DAAA6D00BFB9F8 /* Build configuration list for PBXProject "SimpleWeather" */;
			compatibilityVersion = "Xcode 3.2";
			developmentRegion = English;
			hasScannedForEncodings = 0;
			knownRegions = (
				en,
				Base,
			);
			mainGroup = 100C9B0C19DAAA6D00BFB9F8;
			productRefGroup = 100C9B1619DAAA6D00BFB9F8 /* Products */;
			projectDirPath = "";
			projectRoot = "";
			targets = (
				100C9B1419DAAA6D00BFB9F8 /* SimpleWeather */,
				100C9B3019DAAA6D00BFB9F8 /* SimpleWeatherTests */,
			);
		};
/* End PBXProject section */

/* Begin PBXResourcesBuildPhase section */
		100C9B1319DAAA6D00BFB9F8 /* Resources */ = {
			isa = PBXResourcesBuildPhase;
			buildActionMask = 2147483647;
			files = (
				10788A6319E2304C000C8978 /* weather-clear.png in Resources */,
				10788A6719E2304C000C8978 /* weather-few.png in Resources */,
				10788A6F19E2304C000C8978 /* weather-rain.png in Resources */,
				100C9B2719DAAA6D00BFB9F8 /* Main.storyboard in Resources */,
				10788A6819E2304C000C8978 /* weather-few@2x.png in Resources */,
				10788A6219E2304C000C8978 /* weather-broken@2x.png in Resources */,
				10788A6919E2304C000C8978 /* weather-mist.png in Resources */,
				10788A7719E2304C000C8978 /* weather-tstorm.png in Resources */,
				10788A7819E2304C000C8978 /* weather-tstorm@2x.png in Resources */,
				100C9B2C19DAAA6D00BFB9F8 /* LaunchScreen.xib in Resources */,
				10788A5F19E2304C000C8978 /* bg.png in Resources */,
				10788A6C19E2304C000C8978 /* weather-moon@2x.png in Resources */,
				10788A7319E2304C000C8978 /* weather-shower.png in Resources */,
				10788A7519E2304C000C8978 /* weather-snow.png in Resources */,
				10788A7619E2304C000C8978 /* weather-snow@2x.png in Resources */,
				10788A6119E2304C000C8978 /* weather-broken.png in Resources */,
				10788A6B19E2304C000C8978 /* weather-moon.png in Resources */,
				10788A6619E2304C000C8978 /* weather-few-night@2x.png in Resources */,
				10788A7219E2304C000C8978 /* weather-scattered@2x.png in Resources */,
				10788A6519E2304C000C8978 /* weather-few-night.png in Resources */,
				100C9B2919DAAA6D00BFB9F8 /* Images.xcassets in Resources */,
				10788A6419E2304C000C8978 /* weather-clear@2x.png in Resources */,
				10788A6A19E2304C000C8978 /* weather-mist@2x.png in Resources */,
				10788A6019E2304C000C8978 /* bg@2x.png in Resources */,
				10788A7419E2304C000C8978 /* weather-shower@2x.png in Resources */,
				10788A7119E2304C000C8978 /* weather-scattered.png in Resources */,
				10788A7019E2304C000C8978 /* weather-rain@2x.png in Resources */,
				10788A6D19E2304C000C8978 /* weather-rain-night.png in Resources */,
				10788A6E19E2304C000C8978 /* weather-rain-night@2x.png in Resources */,
			);
			runOnlyForDeploymentPostprocessing = 0;
		};
		100C9B2F19DAAA6D00BFB9F8 /* Resources */ = {
			isa = PBXResourcesBuildPhase;
			buildActionMask = 2147483647;
			files = (
			);
			runOnlyForDeploymentPostprocessing = 0;
		};
/* End PBXResourcesBuildPhase section */

/* Begin PBXShellScriptBuildPhase section */
		A12EBD4581D6EF9B80CC6CA7 /* Copy Pods Resources */ = {
			isa = PBXShellScriptBuildPhase;
			buildActionMask = 2147483647;
			files = (
			);
			inputPaths = (
			);
			name = "Copy Pods Resources";
			outputPaths = (
			);
			runOnlyForDeploymentPostprocessing = 0;
			shellPath = /bin/sh;
			shellScript = "\"${SRCROOT}/Pods/Target Support Files/Pods/Pods-resources.sh\"\n";
			showEnvVarsInLog = 0;
		};
		DA994C775992FD8244DD75A8 /* Check Pods Manifest.lock */ = {
			isa = PBXShellScriptBuildPhase;
			buildActionMask = 2147483647;
			files = (
			);
			inputPaths = (
			);
			name = "Check Pods Manifest.lock";
			outputPaths = (
			);
			runOnlyForDeploymentPostprocessing = 0;
			shellPath = /bin/sh;
			shellScript = "diff \"${PODS_ROOT}/../Podfile.lock\" \"${PODS_ROOT}/Manifest.lock\" > /dev/null\nif [[ $? != 0 ]] ; then\n    cat << EOM\nerror: The sandbox is not in sync with the Podfile.lock. Run 'pod install' or update your CocoaPods installation.\nEOM\n    exit 1\nfi\n";
			showEnvVarsInLog = 0;
		};
/* End PBXShellScriptBuildPhase section */

/* Begin PBXSourcesBuildPhase section */
		100C9B1119DAAA6D00BFB9F8 /* Sources */ = {
			isa = PBXSourcesBuildPhase;
			buildActionMask = 2147483647;
			files = (
				100C9B1E19DAAA6D00BFB9F8 /* AppDelegate.m in Sources */,
				100C9B2119DAAA6D00BFB9F8 /* MasterViewController.m in Sources */,
				10788A8C19E28876000C8978 /* WXClient.m in Sources */,
				100C9B1B19DAAA6D00BFB9F8 /* main.m in Sources */,
				10788A8019E23EB4000C8978 /* WXManager.m in Sources */,
				10788A4219E229A2000C8978 /* WXController.m in Sources */,
				10788A8619E243CE000C8978 /* WXDailyForecast.m in Sources */,
				100C9B2419DAAA6D00BFB9F8 /* DetailViewController.m in Sources */,
				10788A8319E243A5000C8978 /* WXCondition.m in Sources */,
			);
			runOnlyForDeploymentPostprocessing = 0;
		};
		100C9B2D19DAAA6D00BFB9F8 /* Sources */ = {
			isa = PBXSourcesBuildPhase;
			buildActionMask = 2147483647;
			files = (
				100C9B3819DAAA6D00BFB9F8 /* SimpleWeatherTests.m in Sources */,
			);
			runOnlyForDeploymentPostprocessing = 0;
		};
/* End PBXSourcesBuildPhase section */

/* Begin PBXTargetDependency section */
		100C9B3319DAAA6D00BFB9F8 /* PBXTargetDependency */ = {
			isa = PBXTargetDependency;
			target = 100C9B1419DAAA6D00BFB9F8 /* SimpleWeather */;
			targetProxy = 100C9B3219DAAA6D00BFB9F8 /* PBXContainerItemProxy */;
		};
/* End PBXTargetDependency section */

/* Begin PBXVariantGroup section */
		100C9B2519DAAA6D00BFB9F8 /* Main.storyboard */ = {
			isa = PBXVariantGroup;
			children = (
				100C9B2619DAAA6D00BFB9F8 /* Base */,
			);
			name = Main.storyboard;
			sourceTree = "<group>";
		};
		100C9B2A19DAAA6D00BFB9F8 /* LaunchScreen.xib */ = {
			isa = PBXVariantGroup;
			children = (
				100C9B2B19DAAA6D00BFB9F8 /* Base */,
			);
			name = LaunchScreen.xib;
			sourceTree = "<group>";
		};
/* End PBXVariantGroup section */

/* Begin XCBuildConfiguration section */
		100C9B3919DAAA6D00BFB9F8 /* Debug */ = {
			isa = XCBuildConfiguration;
			buildSettings = {
				ALWAYS_SEARCH_USER_PATHS = NO;
				CLANG_CXX_LANGUAGE_STANDARD = "gnu++0x";
				CLANG_CXX_LIBRARY = "libc++";
				CLANG_ENABLE_MODULES = YES;
				CLANG_ENABLE_OBJC_ARC = YES;
				CLANG_WARN_BOOL_CONVERSION = YES;
				CLANG_WARN_CONSTANT_CONVERSION = YES;
				CLANG_WARN_DIRECT_OBJC_ISA_USAGE = YES_ERROR;
				CLANG_WARN_EMPTY_BODY = YES;
				CLANG_WARN_ENUM_CONVERSION = YES;
				CLANG_WARN_INT_CONVERSION = YES;
				CLANG_WARN_OBJC_ROOT_CLASS = YES_ERROR;
				CLANG_WARN_UNREACHABLE_CODE = YES;
				CLANG_WARN__DUPLICATE_METHOD_MATCH = YES;
				"CODE_SIGN_IDENTITY[sdk=iphoneos*]" = "iPhone Developer";
				COPY_PHASE_STRIP = NO;
				ENABLE_STRICT_OBJC_MSGSEND = YES;
				GCC_C_LANGUAGE_STANDARD = gnu99;
				GCC_DYNAMIC_NO_PIC = NO;
				GCC_OPTIMIZATION_LEVEL = 0;
				GCC_PREPROCESSOR_DEFINITIONS = (
					"DEBUG=1",
					"$(inherited)",
				);
				GCC_SYMBOLS_PRIVATE_EXTERN = NO;
				GCC_WARN_64_TO_32_BIT_CONVERSION = YES;
				GCC_WARN_ABOUT_RETURN_TYPE = YES_ERROR;
				GCC_WARN_UNDECLARED_SELECTOR = YES;
				GCC_WARN_UNINITIALIZED_AUTOS = YES_AGGRESSIVE;
				GCC_WARN_UNUSED_FUNCTION = YES;
				GCC_WARN_UNUSED_VARIABLE = YES;
				IPHONEOS_DEPLOYMENT_TARGET = 8.0;
				MTL_ENABLE_DEBUG_INFO = YES;
				ONLY_ACTIVE_ARCH = YES;
				SDKROOT = iphoneos;
				TARGETED_DEVICE_FAMILY = "1,2";
			};
			name = Debug;
		};
		100C9B3A19DAAA6D00BFB9F8 /* Release */ = {
			isa = XCBuildConfiguration;
			buildSettings = {
				ALWAYS_SEARCH_USER_PATHS = NO;
				CLANG_CXX_LANGUAGE_STANDARD = "gnu++0x";
				CLANG_CXX_LIBRARY = "libc++";
				CLANG_ENABLE_MODULES = YES;
				CLANG_ENABLE_OBJC_ARC = YES;
				CLANG_WARN_BOOL_CONVERSION = YES;
				CLANG_WARN_CONSTANT_CONVERSION = YES;
				CLANG_WARN_DIRECT_OBJC_ISA_USAGE = YES_ERROR;
				CLANG_WARN_EMPTY_BODY = YES;
				CLANG_WARN_ENUM_CONVERSION = YES;
				CLANG_WARN_INT_CONVERSION = YES;
				CLANG_WARN_OBJC_ROOT_CLASS = YES_ERROR;
				CLANG_WARN_UNREACHABLE_CODE = YES;
				CLANG_WARN__DUPLICATE_METHOD_MATCH = YES;
				"CODE_SIGN_IDENTITY[sdk=iphoneos*]" = "iPhone Developer";
				COPY_PHASE_STRIP = YES;
				ENABLE_NS_ASSERTIONS = NO;
				ENABLE_STRICT_OBJC_MSGSEND = YES;
				GCC_C_LANGUAGE_STANDARD = gnu99;
				GCC_WARN_64_TO_32_BIT_CONVERSION = YES;
				GCC_WARN_ABOUT_RETURN_TYPE = YES_ERROR;
				GCC_WARN_UNDECLARED_SELECTOR = YES;
				GCC_WARN_UNINITIALIZED_AUTOS = YES_AGGRESSIVE;
				GCC_WARN_UNUSED_FUNCTION = YES;
				GCC_WARN_UNUSED_VARIABLE = YES;
				IPHONEOS_DEPLOYMENT_TARGET = 8.0;
				MTL_ENABLE_DEBUG_INFO = NO;
				SDKROOT = iphoneos;
				TARGETED_DEVICE_FAMILY = "1,2";
				VALIDATE_PRODUCT = YES;
			};
			name = Release;
		};
		100C9B3C19DAAA6D00BFB9F8 /* Debug */ = {
			isa = XCBuildConfiguration;
			baseConfigurationReference = A356DC7F6F4E2EA4F77726A3 /* Pods.debug.xcconfig */;
			buildSettings = {
				ASSETCATALOG_COMPILER_APPICON_NAME = AppIcon;
				INFOPLIST_FILE = SimpleWeather/Info.plist;
				LD_RUNPATH_SEARCH_PATHS = "$(inherited) @executable_path/Frameworks";
				PRODUCT_NAME = "$(TARGET_NAME)";
			};
			name = Debug;
		};
		100C9B3D19DAAA6D00BFB9F8 /* Release */ = {
			isa = XCBuildConfiguration;
			baseConfigurationReference = EB969BBF70D3AEA2CACA98B2 /* Pods.release.xcconfig */;
			buildSettings = {
				ASSETCATALOG_COMPILER_APPICON_NAME = AppIcon;
				INFOPLIST_FILE = SimpleWeather/Info.plist;
				LD_RUNPATH_SEARCH_PATHS = "$(inherited) @executable_path/Frameworks";
				PRODUCT_NAME = "$(TARGET_NAME)";
			};
			name = Release;
		};
		100C9B3F19DAAA6D00BFB9F8 /* Debug */ = {
			isa = XCBuildConfiguration;
			buildSettings = {
				BUNDLE_LOADER = "$(TEST_HOST)";
				FRAMEWORK_SEARCH_PATHS = (
					"$(SDKROOT)/Developer/Library/Frameworks",
					"$(inherited)",
				);
				GCC_PREPROCESSOR_DEFINITIONS = (
					"DEBUG=1",
					"$(inherited)",
				);
				INFOPLIST_FILE = SimpleWeatherTests/Info.plist;
				LD_RUNPATH_SEARCH_PATHS = "$(inherited) @executable_path/Frameworks @loader_path/Frameworks";
				PRODUCT_NAME = "$(TARGET_NAME)";
				TEST_HOST = "$(BUILT_PRODUCTS_DIR)/SimpleWeather.app/SimpleWeather";
			};
			name = Debug;
		};
		100C9B4019DAAA6D00BFB9F8 /* Release */ = {
			isa = XCBuildConfiguration;
			buildSettings = {
				BUNDLE_LOADER = "$(TEST_HOST)";
				FRAMEWORK_SEARCH_PATHS = (
					"$(SDKROOT)/Developer/Library/Frameworks",
					"$(inherited)",
				);
				INFOPLIST_FILE = SimpleWeatherTests/Info.plist;
				LD_RUNPATH_SEARCH_PATHS = "$(inherited) @executable_path/Frameworks @loader_path/Frameworks";
				PRODUCT_NAME = "$(TARGET_NAME)";
				TEST_HOST = "$(BUILT_PRODUCTS_DIR)/SimpleWeather.app/SimpleWeather";
			};
			name = Release;
		};
/* End XCBuildConfiguration section */

/* Begin XCConfigurationList section */
		100C9B1019DAAA6D00BFB9F8 /* Build configuration list for PBXProject "SimpleWeather" */ = {
			isa = XCConfigurationList;
			buildConfigurations = (
				100C9B3919DAAA6D00BFB9F8 /* Debug */,
				100C9B3A19DAAA6D00BFB9F8 /* Release */,
			);
			defaultConfigurationIsVisible = 0;
			defaultConfigurationName = Release;
		};
		100C9B3B19DAAA6D00BFB9F8 /* Build configuration list for PBXNativeTarget "SimpleWeather" */ = {
			isa = XCConfigurationList;
			buildConfigurations = (
				100C9B3C19DAAA6D00BFB9F8 /* Debug */,
				100C9B3D19DAAA6D00BFB9F8 /* Release */,
			);
			defaultConfigurationIsVisible = 0;
			defaultConfigurationName = Release;
		};
		100C9B3E19DAAA6D00BFB9F8 /* Build configuration list for PBXNativeTarget "SimpleWeatherTests" */ = {
			isa = XCConfigurationList;
			buildConfigurations = (
				100C9B3F19DAAA6D00BFB9F8 /* Debug */,
				100C9B4019DAAA6D00BFB9F8 /* Release */,
			);
			defaultConfigurationIsVisible = 0;
			defaultConfigurationName = Release;
		};
/* End XCConfigurationList section */
	};
	rootObject = 100C9B0D19DAAA6D00BFB9F8 /* Project object */;
}
